{
    "_readme": [
        "This file locks the dependencies of your project to a known state",
        "Read more about it at http://getcomposer.org/doc/01-basic-usage.md#composer-lock-the-lock-file",
        "This file is @generated automatically"
    ],
    "hash": "9908c6f7b23a5287bb68374e37ee6e8c",
    "packages": [
        {
            "name": "composer/installers",
            "version": "dev-master",
            "source": {
                "type": "git",
                "url": "https://github.com/composer/installers.git",
                "reference": "41cf781ed1271e25bf31b715416a349996aa2527"
            },
            "dist": {
                "type": "zip",
                "url": "https://api.github.com/repos/composer/installers/zipball/41cf781ed1271e25bf31b715416a349996aa2527",
                "reference": "41cf781ed1271e25bf31b715416a349996aa2527",
                "shasum": ""
            },
            "replace": {
                "roundcube/plugin-installer": "*",
                "shama/baton": "*"
            },
            "require-dev": {
                "composer/composer": "1.0.*@dev",
                "phpunit/phpunit": "4.1.*"
            },
            "type": "composer-installer",
            "extra": {
                "class": "Composer\\Installers\\Installer",
                "branch-alias": {
                    "dev-master": "1.0-dev"
                }
            },
            "autoload": {
                "psr-0": {
                    "Composer\\Installers\\": "src/"
                }
            },
            "notification-url": "https://packagist.org/downloads/",
            "license": [
                "MIT"
            ],
            "authors": [
                {
                    "name": "Kyle Robinson Young",
                    "email": "kyle@dontkry.com",
                    "homepage": "https://github.com/shama"
                }
            ],
            "description": "A multi-framework Composer library installer",
            "homepage": "http://composer.github.com/installers/",
            "keywords": [
                "Craft",
                "Dolibarr",
                "Hurad",
                "MODX Evo",
                "OXID",
                "WolfCMS",
                "agl",
                "annotatecms",
                "bitrix",
                "cakephp",
                "chef",
                "codeigniter",
                "concrete5",
                "croogo",
                "drupal",
                "elgg",
                "fuelphp",
                "installer",
                "joomla",
                "kohana",
                "laravel",
                "lithium",
                "magento",
                "mako",
                "mediawiki",
                "modulework",
                "moodle",
                "phpbb",
                "piwik",
                "ppi",
                "puppet",
                "roundcube",
                "shopware",
                "silverstripe",
                "symfony",
                "typo3",
                "wordpress",
                "zend",
                "zikula"
            ],
            "time": "2014-07-22 17:04:15"
        },
        {
            "name": "silverstripe/docsviewer",
            "version": "dev-master",
            "source": {
                "type": "git",
                "url": "https://github.com/silverstripe/silverstripe-docsviewer.git",
                "reference": "17527f63d3f8ce60972fc0d3d4699c636433db36"
            },
            "dist": {
                "type": "zip",
                "url": "https://api.github.com/repos/silverstripe/silverstripe-docsviewer/zipball/17527f63d3f8ce60972fc0d3d4699c636433db36",
                "reference": "17527f63d3f8ce60972fc0d3d4699c636433db36",
                "shasum": ""
            },
            "require": {
                "silverstripe/framework": "~3.1"
            },
            "suggest": {
                "silverstripe/staticpublisher": "Allows publishing documentation as HTML"
            },
            "type": "silverstripe-module",
            "notification-url": "https://packagist.org/downloads/",
            "license": [
                "BSD-3-Clause"
            ],
            "authors": [
                {
                    "name": "Will Rossiter",
                    "email": "will@fullscreen.io",
                    "homepage": "http://wilr.github.com"
                }
            ],
            "description": "Documentation viewer module for SilverStripe",
            "keywords": [
                "documentation",
                "silverstripe"
            ],
            "time": "2014-07-05 07:43:47"
        },
        {
            "name": "silverstripe/framework",
            "version": "3.1.x-dev",
            "source": {
                "type": "git",
                "url": "https://github.com/silverstripe/silverstripe-framework.git",
                "reference": "350ee4d421d04a075464e84713cf4a5527f3948a"
            },
            "dist": {
                "type": "zip",
                "url": "https://api.github.com/repos/silverstripe/silverstripe-framework/zipball/350ee4d421d04a075464e84713cf4a5527f3948a",
                "reference": "350ee4d421d04a075464e84713cf4a5527f3948a",
                "shasum": ""
            },
            "require": {
                "composer/installers": "*",
                "php": ">=5.3.2"
            },
            "require-dev": {
                "phpunit/phpunit": "~3.7@stable"
            },
            "type": "silverstripe-module",
            "autoload": {
                "classmap": [
                    "tests/behat/features/bootstrap"
                ]
            },
            "notification-url": "https://packagist.org/downloads/",
            "license": [
                "BSD-3-Clause"
            ],
            "authors": [
                {
                    "name": "SilverStripe",
                    "homepage": "http://silverstripe.com"
                },
                {
                    "name": "The SilverStripe Community",
                    "homepage": "http://silverstripe.org"
                }
            ],
            "description": "The SilverStripe framework",
            "homepage": "http://silverstripe.org",
            "keywords": [
                "framework",
                "silverstripe"
            ],
            "time": "2014-07-22 20:54:18"
        },
        {
            "name": "silverstripe/staticpublisher",
            "version": "dev-master",
            "source": {
                "type": "git",
                "url": "https://github.com/silverstripe-labs/silverstripe-staticpublisher.git",
                "reference": "1a4e07c0360bb67038d752ef62d94f4f1ade9c29"
            },
            "dist": {
                "type": "zip",
                "url": "https://api.github.com/repos/silverstripe-labs/silverstripe-staticpublisher/zipball/1a4e07c0360bb67038d752ef62d94f4f1ade9c29",
                "reference": "1a4e07c0360bb67038d752ef62d94f4f1ade9c29",
                "shasum": ""
            },
            "require": {
                "silverstripe/framework": "~3.1"
            },
            "type": "silverstripe-module",
            "notification-url": "https://packagist.org/downloads/",
            "authors": [
                {
                    "name": "Will Rossiter",
                    "email": "will@fullscreen.io",
                    "homepage": "http://wilr.github.com"
                },
                {
                    "name": "Sam Minnee",
                    "email": "sam@silverstripe.com"
                }
            ],
            "description": "StaticPublisher provides an extensions for exporting a SilverStripe application to either a local or remote file systems.",
            "keywords": [
                "export",
                "publisher",
                "silverstripe-labs",
                "static"
            ],
            "time": "2014-03-23 05:09:04"
        },
        {
            "name": "silverstripe/toolbar",
            "version": "dev-master",
            "source": {
                "type": "git",
                "url": "https://github.com/silverstripe/silverstripe-globaltoolbar.git",
                "reference": "2f7acb38d6ee109d4fb17a7ab45c149b81585434"
            },
            "dist": {
                "type": "zip",
                "url": "https://api.github.com/repos/silverstripe/silverstripe-globaltoolbar/zipball/2f7acb38d6ee109d4fb17a7ab45c149b81585434",
                "reference": "2f7acb38d6ee109d4fb17a7ab45c149b81585434",
                "shasum": ""
            },
            "type": "silverstripe-module",
            "license": [
                "BSD-3-Clause"
            ],
            "authors": [
                {
                    "name": "Ingo Schommer",
                    "homepage": "http://chillu.com",
                    "email": "ingo@silverstripe.com"
                },
                {
                    "name": "Uncle Cheese",
                    "homepage": "http://leftandmain.com",
                    "email": "unclecheese@leftandmain.com"
                }
            ],
            "description": "Navigation bar include showing SilverStripe community sites",
            "homepage": "https://github.com/silverstripe/silverstripe-globaltoolbar/",
            "keywords": [
                "silverstripe"
            ],
            "support": {
                "source": "https://github.com/silverstripe/silverstripe-globaltoolbar/tree/master",
                "issues": "https://github.com/silverstripe/silverstripe-globaltoolbar/issues"
            },
            "time": "2014-07-23 03:42:37"
        }
    ],
    "packages-dev": [

    ],
    "aliases": [

    ],
    "minimum-stability": "dev",
    "stability-flags": {
        "silverstripe/docsviewer": 20,
        "silverstripe/staticpublisher": 20,
        "silverstripe/framework": 20
    },
    "platform": {
        "php": ">=5.3.2"
    },
    "platform-dev": [

    ]
}
