{
    "_readme": [
        "This file locks the dependencies of your project to a known state",
        "Read more about it at http://getcomposer.org/doc/01-basic-usage.md#composer-lock-the-lock-file"
    ],
    "hash": "0d2dbd6336d098b081f4f846fbd227a0",
    "packages": [
        {
            "name": "composer/installers",
            "version": "v1.0.8",
            "source": {
                "type": "git",
                "url": "https://github.com/composer/installers.git",
                "reference": "c87cfc35882eb50df3eef1734bfa52fbcd6c782c"
            },
            "dist": {
                "type": "zip",
                "url": "https://api.github.com/repos/composer/installers/zipball/c87cfc35882eb50df3eef1734bfa52fbcd6c782c",
                "reference": "c87cfc35882eb50df3eef1734bfa52fbcd6c782c",
                "shasum": ""
            },
            "replace": {
                "shama/baton": "*"
            },
            "require-dev": {
                "composer/composer": "1.0.*@dev",
                "phpunit/phpunit": "3.7.*"
            },
            "type": "composer-installer",
            "extra": {
                "class": "Composer\\Installers\\Installer",
                "branch-alias": {
                    "dev-master": "1.0-dev"
                }
            },
            "autoload": {
                "psr-0": {
                    "Composer\\Installers\\": "src/"
                }
            },
            "notification-url": "https://packagist.org/downloads/",
            "license": [
                "MIT"
            ],
            "authors": [
                {
                    "name": "Kyle Robinson Young",
                    "email": "kyle@dontkry.com",
                    "homepage": "http://dontkry.com",
                    "role": "Developer"
                }
            ],
            "description": "A multi-framework Composer library installer",
            "homepage": "http://composer.github.com/installers/",
            "keywords": [
                "TYPO3 CMS",
                "TYPO3 Flow",
                "TYPO3 Neos",
                "agl",
                "cakephp",
                "codeigniter",
                "concrete5",
                "drupal",
                "elgg",
                "fuelphp",
                "installer",
                "joomla",
                "kohana",
                "laravel",
                "li3",
                "lithium",
                "mako",
                "modulework",
                "phpbb",
                "ppi",
                "silverstripe",
                "symfony",
                "wordpress",
                "zend"
            ],
            "time": "2013-12-24 18:04:46"
        },
        {
            "name": "silverstripe/docsviewer",
            "version": "dev-master",
            "source": {
                "type": "git",
                "url": "https://github.com/silverstripe/silverstripe-docsviewer.git",
                "reference": "95b982353b6188287257a542bc4fae0a1b10c16b"
            },
            "dist": {
                "type": "zip",
                "url": "https://api.github.com/repos/silverstripe/silverstripe-docsviewer/zipball/95b982353b6188287257a542bc4fae0a1b10c16b",
                "reference": "95b982353b6188287257a542bc4fae0a1b10c16b",
                "shasum": ""
            },
            "require": {
                "silverstripe/framework": "~3.1"
            },
            "suggest": {
                "silverstripe/staticpublisher": "Allows publishing documentation as HTML"
            },
            "type": "silverstripe-module",
            "notification-url": "https://packagist.org/downloads/",
            "license": [
                "BSD-3-Clause"
            ],
            "authors": [
                {
                    "name": "Will Rossiter",
                    "email": "will@fullscreen.io",
                    "homepage": "http://wilr.github.com"
                }
            ],
            "description": "Documentation viewer module for SilverStripe",
            "keywords": [
                "documentation",
                "silverstripe"
            ],
            "time": "2014-01-14 07:41:59"
        },
        {
            "name": "silverstripe/framework",
            "version": "3.1.x-dev",
            "source": {
                "type": "git",
                "url": "https://github.com/silverstripe/silverstripe-framework.git",
                "reference": "9b5a9afe2be766e9830c795dc26636a82f59743c"
            },
            "dist": {
                "type": "zip",
                "url": "https://api.github.com/repos/silverstripe/silverstripe-framework/zipball/9b5a9afe2be766e9830c795dc26636a82f59743c",
                "reference": "9b5a9afe2be766e9830c795dc26636a82f59743c",
                "shasum": ""
            },
            "require": {
                "composer/installers": "*",
                "php": ">=5.3.2"
            },
            "type": "silverstripe-module",
            "autoload": {
                "classmap": [
                    "tests/behat/features/bootstrap"
                ]
            },
            "notification-url": "https://packagist.org/downloads/",
            "license": [
                "BSD-3-Clause"
            ],
            "authors": [
                {
                    "name": "SilverStripe",
                    "homepage": "http://silverstripe.com"
                },
                {
                    "name": "The SilverStripe Community",
                    "homepage": "http://silverstripe.org"
                }
            ],
            "description": "The SilverStripe framework",
            "homepage": "http://silverstripe.org",
            "keywords": [
                "framework",
                "silverstripe"
            ],
            "time": "2014-01-14 05:19:45"
        },
        {
            "name": "silverstripe/staticpublisher",
            "version": "dev-master",
            "source": {
                "type": "git",
                "url": "https://github.com/silverstripe-labs/silverstripe-staticpublisher.git",
                "reference": "ea1461acd7eb78b25e629b5c6fedf719b37f63e8"
            },
            "dist": {
                "type": "zip",
                "url": "https://api.github.com/repos/silverstripe-labs/silverstripe-staticpublisher/zipball/ea1461acd7eb78b25e629b5c6fedf719b37f63e8",
                "reference": "ea1461acd7eb78b25e629b5c6fedf719b37f63e8",
                "shasum": ""
            },
            "require": {
                "silverstripe/framework": "~3.1"
            },
            "type": "silverstripe-module",
            "notification-url": "https://packagist.org/downloads/",
            "authors": [
                {
                    "name": "Will Rossiter",
                    "email": "will@fullscreen.io",
                    "homepage": "http://wilr.github.com"
                },
                {
                    "name": "Sam Minnee",
                    "email": "sam@silverstripe.com"
                }
            ],
            "description": "StaticPublisher provides an extensions for exporting a SilverStripe application to either a local or remote file systems.",
            "keywords": [
                "export",
                "publisher",
                "silverstripe-labs",
                "static"
            ],
            "time": "2014-01-14 07:36:46"
        }
    ],
    "packages-dev": [

    ],
    "aliases": [

    ],
    "minimum-stability": "stable",
    "stability-flags": {
        "silverstripe/docsviewer": 20,
        "silverstripe/staticpublisher": 20,
        "silverstripe/framework": 20
    },
    "platform": {
        "php": ">=5.3.2"
    },
    "platform-dev": [

    ]
}
